
Microsoft Visual Studio Solution File, Format Version 12.00
# Visual Studio Version 16
VisualStudioVersion = 16.0.29306.81
MinimumVisualStudioVersion = 10.0.40219.1
Project("{FAE04EC0-301F-11D3-BF4B-00C04F79EFBC}") = "AddictionManager.Android", "AddictionManager\AddictionManager.Android\AddictionManager.Android.csproj", "{B76B5EFB-8939-43FB-A623-686D452CF347}"
EndProject
Project("{FAE04EC0-301F-11D3-BF4B-00C04F79EFBC}") = "AddictionManager.iOS", "AddictionManager\AddictionManager.iOS\AddictionManager.iOS.csproj", "{AB63AE24-B735-438B-81F4-39C0219ADE48}"
EndProject
Project("{FAE04EC0-301F-11D3-BF4B-00C04F79EFBC}") = "AddictionManager", "AddictionManager\AddictionManager\AddictionManager.csproj", "{ABC7DE11-7D6C-413A-9B2C-FC7614DBA7D4}"
EndProject
Global
	GlobalSection(SolutionConfigurationPlatforms) = preSolution
		Debug|Any CPU = Debug|Any CPU
		Debug|iPhone = Debug|iPhone
		Debug|iPhoneSimulator = Debug|iPhoneSimulator
		Release|Any CPU = Release|Any CPU
		Release|iPhone = Release|iPhone
		Release|iPhoneSimulator = Release|iPhoneSimulator
	EndGlobalSection
	GlobalSection(ProjectConfigurationPlatforms) = postSolution
		{B76B5EFB-8939-43FB-A623-686D452CF347}.Debug|Any CPU.ActiveCfg = Debug|Any CPU
		{B76B5EFB-8939-43FB-A623-686D452CF347}.Debug|Any CPU.Build.0 = Debug|Any CPU
		{B76B5EFB-8939-43FB-A623-686D452CF347}.Debug|Any CPU.Deploy.0 = Debug|Any CPU
		{B76B5EFB-8939-43FB-A623-686D452CF347}.Debug|iPhone.ActiveCfg = Debug|Any CPU
		{B76B5EFB-8939-43FB-A623-686D452CF347}.Debug|iPhone.Build.0 = Debug|Any CPU
		{B76B5EFB-8939-43FB-A623-686D452CF347}.Debug|iPhone.Deploy.0 = Debug|Any CPU
		{B76B5EFB-8939-43FB-A623-686D452CF347}.Debug|iPhoneSimulator.ActiveCfg = Debug|Any CPU
		{B76B5EFB-8939-43FB-A623-686D452CF347}.Debug|iPhoneSimulator.Build.0 = Debug|Any CPU
		{B76B5EFB-8939-43FB-A623-686D452CF347}.Debug|iPhoneSimulator.Deploy.0 = Debug|Any CPU
		{B76B5EFB-8939-43FB-A623-686D452CF347}.Release|Any CPU.ActiveCfg = Release|Any CPU
		{B76B5EFB-8939-43FB-A623-686D452CF347}.Release|Any CPU.Build.0 = Release|Any CPU
		{B76B5EFB-8939-43FB-A623-686D452CF347}.Release|Any CPU.Deploy.0 = Release|Any CPU
		{B76B5EFB-8939-43FB-A623-686D452CF347}.Release|iPhone.ActiveCfg = Release|Any CPU
		{B76B5EFB-8939-43FB-A623-686D452CF347}.Release|iPhone.Build.0 = Release|Any CPU
		{B76B5EFB-8939-43FB-A623-686D452CF347}.Release|iPhone.Deploy.0 = Release|Any CPU
		{B76B5EFB-8939-43FB-A623-686D452CF347}.Release|iPhoneSimulator.ActiveCfg = Release|Any CPU
		{B76B5EFB-8939-43FB-A623-686D452CF347}.Release|iPhoneSimulator.Build.0 = Release|Any CPU
		{B76B5EFB-8939-43FB-A623-686D452CF347}.Release|iPhoneSimulator.Deploy.0 = Release|Any CPU
		{AB63AE24-B735-438B-81F4-39C0219ADE48}.Debug|Any CPU.ActiveCfg = Debug|iPhoneSimulator
		{AB63AE24-B735-438B-81F4-39C0219ADE48}.Debug|Any CPU.Build.0 = Debug|iPhoneSimulator
		{AB63AE24-B735-438B-81F4-39C0219ADE48}.Debug|Any CPU.Deploy.0 = Debug|iPhoneSimulator
		{AB63AE24-B735-438B-81F4-39C0219ADE48}.Debug|iPhone.ActiveCfg = Debug|iPhone
		{AB63AE24-B735-438B-81F4-39C0219ADE48}.Debug|iPhone.Build.0 = Debug|iPhone
		{AB63AE24-B735-438B-81F4-39C0219ADE48}.Debug|iPhone.Deploy.0 = Debug|iPhone
		{AB63AE24-B735-438B-81F4-39C0219ADE48}.Debug|iPhoneSimulator.ActiveCfg = Debug|iPhoneSimulator
		{AB63AE24-B735-438B-81F4-39C0219ADE48}.Debug|iPhoneSimulator.Build.0 = Debug|iPhoneSimulator
		{AB63AE24-B735-438B-81F4-39C0219ADE48}.Debug|iPhoneSimulator.Deploy.0 = Debug|iPhoneSimulator
		{AB63AE24-B735-438B-81F4-39C0219ADE48}.Release|Any CPU.ActiveCfg = Release|iPhone
		{AB63AE24-B735-438B-81F4-39C0219ADE48}.Release|Any CPU.Build.0 = Release|iPhone
		{AB63AE24-B735-438B-81F4-39C0219ADE48}.Release|Any CPU.Deploy.0 = Release|iPhone
		{AB63AE24-B735-438B-81F4-39C0219ADE48}.Release|iPhone.ActiveCfg = Release|iPhone
		{AB63AE24-B735-438B-81F4-39C0219ADE48}.Release|iPhone.Build.0 = Release|iPhone
		{AB63AE24-B735-438B-81F4-39C0219ADE48}.Release|iPhone.Deploy.0 = Release|iPhone
		{AB63AE24-B735-438B-81F4-39C0219ADE48}.Release|iPhoneSimulator.ActiveCfg = Release|iPhoneSimulator
		{AB63AE24-B735-438B-81F4-39C0219ADE48}.Release|iPhoneSimulator.Build.0 = Release|iPhoneSimulator
		{AB63AE24-B735-438B-81F4-39C0219ADE48}.Release|iPhoneSimulator.Deploy.0 = Release|iPhoneSimulator
		{ABC7DE11-7D6C-413A-9B2C-FC7614DBA7D4}.Debug|Any CPU.ActiveCfg = Debug|Any CPU
		{ABC7DE11-7D6C-413A-9B2C-FC7614DBA7D4}.Debug|Any CPU.Build.0 = Debug|Any CPU
		{ABC7DE11-7D6C-413A-9B2C-FC7614DBA7D4}.Debug|Any CPU.Deploy.0 = Debug|Any CPU
		{ABC7DE11-7D6C-413A-9B2C-FC7614DBA7D4}.Debug|iPhone.ActiveCfg = Debug|Any CPU
		{ABC7DE11-7D6C-413A-9B2C-FC7614DBA7D4}.Debug|iPhone.Build.0 = Debug|Any CPU
		{ABC7DE11-7D6C-413A-9B2C-FC7614DBA7D4}.Debug|iPhone.Deploy.0 = Debug|Any CPU
		{ABC7DE11-7D6C-413A-9B2C-FC7614DBA7D4}.Debug|iPhoneSimulator.ActiveCfg = Debug|Any CPU
		{ABC7DE11-7D6C-413A-9B2C-FC7614DBA7D4}.Debug|iPhoneSimulator.Build.0 = Debug|Any CPU
		{ABC7DE11-7D6C-413A-9B2C-FC7614DBA7D4}.Debug|iPhoneSimulator.Deploy.0 = Debug|Any CPU
		{ABC7DE11-7D6C-413A-9B2C-FC7614DBA7D4}.Release|Any CPU.ActiveCfg = Release|Any CPU
		{ABC7DE11-7D6C-413A-9B2C-FC7614DBA7D4}.Release|Any CPU.Build.0 = Release|Any CPU
		{ABC7DE11-7D6C-413A-9B2C-FC7614DBA7D4}.Release|Any CPU.Deploy.0 = Release|Any CPU
		{ABC7DE11-7D6C-413A-9B2C-FC7614DBA7D4}.Release|iPhone.ActiveCfg = Release|Any CPU
		{ABC7DE11-7D6C-413A-9B2C-FC7614DBA7D4}.Release|iPhone.Build.0 = Release|Any CPU
		{ABC7DE11-7D6C-413A-9B2C-FC7614DBA7D4}.Release|iPhone.Deploy.0 = Release|Any CPU
		{ABC7DE11-7D6C-413A-9B2C-FC7614DBA7D4}.Release|iPhoneSimulator.ActiveCfg = Release|Any CPU
		{ABC7DE11-7D6C-413A-9B2C-FC7614DBA7D4}.Release|iPhoneSimulator.Build.0 = Release|Any CPU
		{ABC7DE11-7D6C-413A-9B2C-FC7614DBA7D4}.Release|iPhoneSimulator.Deploy.0 = Release|Any CPU
	EndGlobalSection
	GlobalSection(SolutionProperties) = preSolution
		HideSolutionNode = FALSE
	EndGlobalSection
	GlobalSection(ExtensibilityGlobals) = postSolution
		SolutionGuid = {A31434AA-15D9-4BF0-B356-EFF3194E48ED}
	EndGlobalSection
EndGlobal
